
Microsoft Visual Studio Solution File, Format Version 12.00
# Visual Studio Version 16
VisualStudioVersion = 16.0.33423.256
MinimumVisualStudioVersion = 10.0.40219.1
Project("{FAE04EC0-301F-11D3-BF4B-00C04F79EFBC}") = "Homework_number_4", "Homework_number_4\Homework_number_4.csproj", "{743AFF61-830F-4CCE-8D37-30FDEC7CAE02}"
EndProject
Global
	GlobalSection(SolutionConfigurationPlatforms) = preSolution
		Debug|Any CPU = Debug|Any CPU
		Release|Any CPU = Release|Any CPU
	EndGlobalSection
	GlobalSection(ProjectConfigurationPlatforms) = postSolution
		{743AFF61-830F-4CCE-8D37-30FDEC7CAE02}.Debug|Any CPU.ActiveCfg = Debug|Any CPU
		{743AFF61-830F-4CCE-8D37-30FDEC7CAE02}.Debug|Any CPU.Build.0 = Debug|Any CPU
		{743AFF61-830F-4CCE-8D37-30FDEC7CAE02}.Release|Any CPU.ActiveCfg = Release|Any CPU
		{743AFF61-830F-4CCE-8D37-30FDEC7CAE02}.Release|Any CPU.Build.0 = Release|Any CPU
	EndGlobalSection
	GlobalSection(SolutionProperties) = preSolution
		HideSolutionNode = FALSE
	EndGlobalSection
	GlobalSection(ExtensibilityGlobals) = postSolution
		SolutionGuid = {C874782C-5606-405B-9D2D-42001CB74FC7}
	EndGlobalSection
EndGlobal
